
Microsoft Visual Studio Solution File, Format Version 12.00
# Visual Studio Version 17
VisualStudioVersion = 17.1.32210.238
MinimumVisualStudioVersion = 10.0.40219.1
Project("{FAE04EC0-301F-11D3-BF4B-00C04F79EFBC}") = "WebBook", "WebBook\WebBook.csproj", "{5C525CC8-EF72-40D6-98B4-B02A3BF81E6D}"
EndProject
Project("{FAE04EC0-301F-11D3-BF4B-00C04F79EFBC}") = "Domin", "Domin\Domin.csproj", "{629688A0-D8BD-4671-AA01-9C19BBC2E33A}"
EndProject
Project("{FAE04EC0-301F-11D3-BF4B-00C04F79EFBC}") = "Infarstuructre", "Infarstuructre\Infarstuructre.csproj", "{3FDF2A1C-7C30-4994-8002-52C69E87B8DC}"
EndProject
Global
	GlobalSection(SolutionConfigurationPlatforms) = preSolution
		Debug|Any CPU = Debug|Any CPU
		Release|Any CPU = Release|Any CPU
	EndGlobalSection
	GlobalSection(ProjectConfigurationPlatforms) = postSolution
		{5C525CC8-EF72-40D6-98B4-B02A3BF81E6D}.Debug|Any CPU.ActiveCfg = Debug|Any CPU
		{5C525CC8-EF72-40D6-98B4-B02A3BF81E6D}.Debug|Any CPU.Build.0 = Debug|Any CPU
		{5C525CC8-EF72-40D6-98B4-B02A3BF81E6D}.Release|Any CPU.ActiveCfg = Release|Any CPU
		{5C525CC8-EF72-40D6-98B4-B02A3BF81E6D}.Release|Any CPU.Build.0 = Release|Any CPU
		{629688A0-D8BD-4671-AA01-9C19BBC2E33A}.Debug|Any CPU.ActiveCfg = Debug|Any CPU
		{629688A0-D8BD-4671-AA01-9C19BBC2E33A}.Debug|Any CPU.Build.0 = Debug|Any CPU
		{629688A0-D8BD-4671-AA01-9C19BBC2E33A}.Release|Any CPU.ActiveCfg = Release|Any CPU
		{629688A0-D8BD-4671-AA01-9C19BBC2E33A}.Release|Any CPU.Build.0 = Release|Any CPU
		{3FDF2A1C-7C30-4994-8002-52C69E87B8DC}.Debug|Any CPU.ActiveCfg = Debug|Any CPU
		{3FDF2A1C-7C30-4994-8002-52C69E87B8DC}.Debug|Any CPU.Build.0 = Debug|Any CPU
		{3FDF2A1C-7C30-4994-8002-52C69E87B8DC}.Release|Any CPU.ActiveCfg = Release|Any CPU
		{3FDF2A1C-7C30-4994-8002-52C69E87B8DC}.Release|Any CPU.Build.0 = Release|Any CPU
	EndGlobalSection
	GlobalSection(SolutionProperties) = preSolution
		HideSolutionNode = FALSE
	EndGlobalSection
	GlobalSection(ExtensibilityGlobals) = postSolution
		SolutionGuid = {24064C33-0C6B-4CE5-9F82-669A878E7F8C}
	EndGlobalSection
EndGlobal
